# THIS IS AN AUTOGENERATED FILE. DO NOT EDIT THIS FILE DIRECTLY.
# yarn lockfile v1


"@davidbwaters/eslint-config@^1.5.0", "@davidbwaters/eslint-config@^1.6.5":
  version "1.6.5"
  resolved "https://registry.yarnpkg.com/@davidbwaters/eslint-config/-/eslint-config-1.6.5.tgz#f04a40c66a29494266c017670a18b48c46e035be"
  integrity sha512-XILwcoWpKrZkDVZOQkjfeH0olmklpI16Hn9zEGtuGX8sN55UOxPQjiN8ablPdkmwnrzAQvWp0QEeex+GDNDxlQ==
  dependencies:
    "@davidbwaters/eslint-config" "^1.5.0"
    "@davidbwaters/prettier-config" "^1.1.1"

"@davidbwaters/prettier-config@^1.1.1":
  version "1.1.6"
  resolved "https://registry.yarnpkg.com/@davidbwaters/prettier-config/-/prettier-config-1.1.6.tgz#ca056fb0e4173e5aa57a281a939ee9ed4999a180"
  integrity sha512-qrP5MJ+otNHo944BVWMKb4wnI4P1IqttyGbgsS/OMDMvyWK9qNOUYQdiMqEktfiW5sViv0RtOUhzwIazZ7CH4Q==
